
Microsoft Visual Studio Solution File, Format Version 12.00
# Visual Studio 15
VisualStudioVersion = 15.0.28307.329
MinimumVisualStudioVersion = 10.0.40219.1
Project("{8BC9CEB8-8B4A-11D0-8D11-00A0C91BC942}") = "q1", "q1\q1.vcxproj", "{36CB1299-0F51-462A-AFD0-2762B7FAA876}"
EndProject
Project("{8BC9CEB8-8B4A-11D0-8D11-00A0C91BC942}") = "q2", "q2\q2.vcxproj", "{6BA499F6-53C4-4CBA-A614-EF7C4DA6F917}"
EndProject
Project("{8BC9CEB8-8B4A-11D0-8D11-00A0C91BC942}") = "q3", "q3\q3.vcxproj", "{EDA3098A-F61B-4715-9095-867418D383D8}"
EndProject
Global
	GlobalSection(SolutionConfigurationPlatforms) = preSolution
		Debug|x64 = Debug|x64
		Debug|x86 = Debug|x86
		Release|x64 = Release|x64
		Release|x86 = Release|x86
	EndGlobalSection
	GlobalSection(ProjectConfigurationPlatforms) = postSolution
		{36CB1299-0F51-462A-AFD0-2762B7FAA876}.Debug|x64.ActiveCfg = Debug|x64
		{36CB1299-0F51-462A-AFD0-2762B7FAA876}.Debug|x64.Build.0 = Debug|x64
		{36CB1299-0F51-462A-AFD0-2762B7FAA876}.Debug|x86.ActiveCfg = Debug|Win32
		{36CB1299-0F51-462A-AFD0-2762B7FAA876}.Debug|x86.Build.0 = Debug|Win32
		{36CB1299-0F51-462A-AFD0-2762B7FAA876}.Release|x64.ActiveCfg = Release|x64
		{36CB1299-0F51-462A-AFD0-2762B7FAA876}.Release|x64.Build.0 = Release|x64
		{36CB1299-0F51-462A-AFD0-2762B7FAA876}.Release|x86.ActiveCfg = Release|Win32
		{36CB1299-0F51-462A-AFD0-2762B7FAA876}.Release|x86.Build.0 = Release|Win32
		{6BA499F6-53C4-4CBA-A614-EF7C4DA6F917}.Debug|x64.ActiveCfg = Debug|x64
		{6BA499F6-53C4-4CBA-A614-EF7C4DA6F917}.Debug|x64.Build.0 = Debug|x64
		{6BA499F6-53C4-4CBA-A614-EF7C4DA6F917}.Debug|x86.ActiveCfg = Debug|Win32
		{6BA499F6-53C4-4CBA-A614-EF7C4DA6F917}.Debug|x86.Build.0 = Debug|Win32
		{6BA499F6-53C4-4CBA-A614-EF7C4DA6F917}.Release|x64.ActiveCfg = Release|x64
		{6BA499F6-53C4-4CBA-A614-EF7C4DA6F917}.Release|x64.Build.0 = Release|x64
		{6BA499F6-53C4-4CBA-A614-EF7C4DA6F917}.Release|x86.ActiveCfg = Release|Win32
		{6BA499F6-53C4-4CBA-A614-EF7C4DA6F917}.Release|x86.Build.0 = Release|Win32
		{EDA3098A-F61B-4715-9095-867418D383D8}.Debug|x64.ActiveCfg = Debug|x64
		{EDA3098A-F61B-4715-9095-867418D383D8}.Debug|x64.Build.0 = Debug|x64
		{EDA3098A-F61B-4715-9095-867418D383D8}.Debug|x86.ActiveCfg = Debug|Win32
		{EDA3098A-F61B-4715-9095-867418D383D8}.Debug|x86.Build.0 = Debug|Win32
		{EDA3098A-F61B-4715-9095-867418D383D8}.Release|x64.ActiveCfg = Release|x64
		{EDA3098A-F61B-4715-9095-867418D383D8}.Release|x64.Build.0 = Release|x64
		{EDA3098A-F61B-4715-9095-867418D383D8}.Release|x86.ActiveCfg = Release|Win32
		{EDA3098A-F61B-4715-9095-867418D383D8}.Release|x86.Build.0 = Release|Win32
	EndGlobalSection
	GlobalSection(SolutionProperties) = preSolution
		HideSolutionNode = FALSE
	EndGlobalSection
	GlobalSection(ExtensibilityGlobals) = postSolution
		SolutionGuid = {CE7F32CF-FB36-4801-885E-5D9F1E0B3E52}
	EndGlobalSection
EndGlobal
