
Microsoft Visual Studio Solution File, Format Version 12.00
# Visual Studio 15
VisualStudioVersion = 15.0.28307.421
MinimumVisualStudioVersion = 10.0.40219.1
Project("{8BC9CEB8-8B4A-11D0-8D11-00A0C91BC942}") = "linked_lists", "linked_lists\linked_lists.vcxproj", "{4D280863-9C87-4CFA-B02C-EE255E30432B}"
EndProject
Project("{8BC9CEB8-8B4A-11D0-8D11-00A0C91BC942}") = "stack", "stack\stack.vcxproj", "{55E4BFAB-DB80-477E-9E5A-6772F232C808}"
EndProject
Project("{8BC9CEB8-8B4A-11D0-8D11-00A0C91BC942}") = "balancing", "balancing\balancing.vcxproj", "{65E3C5DA-1C81-4A89-862F-0863FB497083}"
EndProject
Project("{8BC9CEB8-8B4A-11D0-8D11-00A0C91BC942}") = "queues", "queues\queues.vcxproj", "{B982BC17-975C-45C2-9CCF-FB44BA675507}"
EndProject
Project("{8BC9CEB8-8B4A-11D0-8D11-00A0C91BC942}") = "polynomial", "polynomial\polynomial.vcxproj", "{565C90FD-C6FB-44C1-8773-E36239B80983}"
EndProject
Project("{8BC9CEB8-8B4A-11D0-8D11-00A0C91BC942}") = "trees", "trees\trees.vcxproj", "{7ECC86BA-CADB-4E00-8CD5-BD3179656D36}"
EndProject
Project("{8BC9CEB8-8B4A-11D0-8D11-00A0C91BC942}") = "circular_queue", "circular_queue\circular_queue.vcxproj", "{B9F3FE7E-B3E2-4DA5-9003-A6C009EC9580}"
EndProject
Project("{8BC9CEB8-8B4A-11D0-8D11-00A0C91BC942}") = "infix_postfix", "infix_postfix\infix_postfix.vcxproj", "{E988B598-D405-4747-9518-4FEB304F4E9E}"
EndProject
Project("{8BC9CEB8-8B4A-11D0-8D11-00A0C91BC942}") = "post_fix", "post_fix\post_fix.vcxproj", "{0D944C72-5222-413F-B82A-936A710D5841}"
EndProject
Global
	GlobalSection(SolutionConfigurationPlatforms) = preSolution
		Debug|x64 = Debug|x64
		Debug|x86 = Debug|x86
		Release|x64 = Release|x64
		Release|x86 = Release|x86
	EndGlobalSection
	GlobalSection(ProjectConfigurationPlatforms) = postSolution
		{4D280863-9C87-4CFA-B02C-EE255E30432B}.Debug|x64.ActiveCfg = Debug|x64
		{4D280863-9C87-4CFA-B02C-EE255E30432B}.Debug|x64.Build.0 = Debug|x64
		{4D280863-9C87-4CFA-B02C-EE255E30432B}.Debug|x86.ActiveCfg = Debug|Win32
		{4D280863-9C87-4CFA-B02C-EE255E30432B}.Debug|x86.Build.0 = Debug|Win32
		{4D280863-9C87-4CFA-B02C-EE255E30432B}.Release|x64.ActiveCfg = Release|x64
		{4D280863-9C87-4CFA-B02C-EE255E30432B}.Release|x64.Build.0 = Release|x64
		{4D280863-9C87-4CFA-B02C-EE255E30432B}.Release|x86.ActiveCfg = Release|Win32
		{4D280863-9C87-4CFA-B02C-EE255E30432B}.Release|x86.Build.0 = Release|Win32
		{55E4BFAB-DB80-477E-9E5A-6772F232C808}.Debug|x64.ActiveCfg = Debug|x64
		{55E4BFAB-DB80-477E-9E5A-6772F232C808}.Debug|x64.Build.0 = Debug|x64
		{55E4BFAB-DB80-477E-9E5A-6772F232C808}.Debug|x86.ActiveCfg = Debug|Win32
		{55E4BFAB-DB80-477E-9E5A-6772F232C808}.Debug|x86.Build.0 = Debug|Win32
		{55E4BFAB-DB80-477E-9E5A-6772F232C808}.Release|x64.ActiveCfg = Release|x64
		{55E4BFAB-DB80-477E-9E5A-6772F232C808}.Release|x64.Build.0 = Release|x64
		{55E4BFAB-DB80-477E-9E5A-6772F232C808}.Release|x86.ActiveCfg = Release|Win32
		{55E4BFAB-DB80-477E-9E5A-6772F232C808}.Release|x86.Build.0 = Release|Win32
		{65E3C5DA-1C81-4A89-862F-0863FB497083}.Debug|x64.ActiveCfg = Debug|x64
		{65E3C5DA-1C81-4A89-862F-0863FB497083}.Debug|x64.Build.0 = Debug|x64
		{65E3C5DA-1C81-4A89-862F-0863FB497083}.Debug|x86.ActiveCfg = Debug|Win32
		{65E3C5DA-1C81-4A89-862F-0863FB497083}.Debug|x86.Build.0 = Debug|Win32
		{65E3C5DA-1C81-4A89-862F-0863FB497083}.Release|x64.ActiveCfg = Release|x64
		{65E3C5DA-1C81-4A89-862F-0863FB497083}.Release|x64.Build.0 = Release|x64
		{65E3C5DA-1C81-4A89-862F-0863FB497083}.Release|x86.ActiveCfg = Release|Win32
		{65E3C5DA-1C81-4A89-862F-0863FB497083}.Release|x86.Build.0 = Release|Win32
		{B982BC17-975C-45C2-9CCF-FB44BA675507}.Debug|x64.ActiveCfg = Debug|x64
		{B982BC17-975C-45C2-9CCF-FB44BA675507}.Debug|x64.Build.0 = Debug|x64
		{B982BC17-975C-45C2-9CCF-FB44BA675507}.Debug|x86.ActiveCfg = Debug|Win32
		{B982BC17-975C-45C2-9CCF-FB44BA675507}.Debug|x86.Build.0 = Debug|Win32
		{B982BC17-975C-45C2-9CCF-FB44BA675507}.Release|x64.ActiveCfg = Release|x64
		{B982BC17-975C-45C2-9CCF-FB44BA675507}.Release|x64.Build.0 = Release|x64
		{B982BC17-975C-45C2-9CCF-FB44BA675507}.Release|x86.ActiveCfg = Release|Win32
		{B982BC17-975C-45C2-9CCF-FB44BA675507}.Release|x86.Build.0 = Release|Win32
		{565C90FD-C6FB-44C1-8773-E36239B80983}.Debug|x64.ActiveCfg = Debug|x64
		{565C90FD-C6FB-44C1-8773-E36239B80983}.Debug|x64.Build.0 = Debug|x64
		{565C90FD-C6FB-44C1-8773-E36239B80983}.Debug|x86.ActiveCfg = Debug|Win32
		{565C90FD-C6FB-44C1-8773-E36239B80983}.Debug|x86.Build.0 = Debug|Win32
		{565C90FD-C6FB-44C1-8773-E36239B80983}.Release|x64.ActiveCfg = Release|x64
		{565C90FD-C6FB-44C1-8773-E36239B80983}.Release|x64.Build.0 = Release|x64
		{565C90FD-C6FB-44C1-8773-E36239B80983}.Release|x86.ActiveCfg = Release|Win32
		{565C90FD-C6FB-44C1-8773-E36239B80983}.Release|x86.Build.0 = Release|Win32
		{7ECC86BA-CADB-4E00-8CD5-BD3179656D36}.Debug|x64.ActiveCfg = Debug|x64
		{7ECC86BA-CADB-4E00-8CD5-BD3179656D36}.Debug|x64.Build.0 = Debug|x64
		{7ECC86BA-CADB-4E00-8CD5-BD3179656D36}.Debug|x86.ActiveCfg = Debug|Win32
		{7ECC86BA-CADB-4E00-8CD5-BD3179656D36}.Debug|x86.Build.0 = Debug|Win32
		{7ECC86BA-CADB-4E00-8CD5-BD3179656D36}.Release|x64.ActiveCfg = Release|x64
		{7ECC86BA-CADB-4E00-8CD5-BD3179656D36}.Release|x64.Build.0 = Release|x64
		{7ECC86BA-CADB-4E00-8CD5-BD3179656D36}.Release|x86.ActiveCfg = Release|Win32
		{7ECC86BA-CADB-4E00-8CD5-BD3179656D36}.Release|x86.Build.0 = Release|Win32
		{B9F3FE7E-B3E2-4DA5-9003-A6C009EC9580}.Debug|x64.ActiveCfg = Debug|x64
		{B9F3FE7E-B3E2-4DA5-9003-A6C009EC9580}.Debug|x64.Build.0 = Debug|x64
		{B9F3FE7E-B3E2-4DA5-9003-A6C009EC9580}.Debug|x86.ActiveCfg = Debug|Win32
		{B9F3FE7E-B3E2-4DA5-9003-A6C009EC9580}.Debug|x86.Build.0 = Debug|Win32
		{B9F3FE7E-B3E2-4DA5-9003-A6C009EC9580}.Release|x64.ActiveCfg = Release|x64
		{B9F3FE7E-B3E2-4DA5-9003-A6C009EC9580}.Release|x64.Build.0 = Release|x64
		{B9F3FE7E-B3E2-4DA5-9003-A6C009EC9580}.Release|x86.ActiveCfg = Release|Win32
		{B9F3FE7E-B3E2-4DA5-9003-A6C009EC9580}.Release|x86.Build.0 = Release|Win32
		{E988B598-D405-4747-9518-4FEB304F4E9E}.Debug|x64.ActiveCfg = Debug|x64
		{E988B598-D405-4747-9518-4FEB304F4E9E}.Debug|x64.Build.0 = Debug|x64
		{E988B598-D405-4747-9518-4FEB304F4E9E}.Debug|x86.ActiveCfg = Debug|Win32
		{E988B598-D405-4747-9518-4FEB304F4E9E}.Debug|x86.Build.0 = Debug|Win32
		{E988B598-D405-4747-9518-4FEB304F4E9E}.Release|x64.ActiveCfg = Release|x64
		{E988B598-D405-4747-9518-4FEB304F4E9E}.Release|x64.Build.0 = Release|x64
		{E988B598-D405-4747-9518-4FEB304F4E9E}.Release|x86.ActiveCfg = Release|Win32
		{E988B598-D405-4747-9518-4FEB304F4E9E}.Release|x86.Build.0 = Release|Win32
		{0D944C72-5222-413F-B82A-936A710D5841}.Debug|x64.ActiveCfg = Debug|x64
		{0D944C72-5222-413F-B82A-936A710D5841}.Debug|x64.Build.0 = Debug|x64
		{0D944C72-5222-413F-B82A-936A710D5841}.Debug|x86.ActiveCfg = Debug|Win32
		{0D944C72-5222-413F-B82A-936A710D5841}.Debug|x86.Build.0 = Debug|Win32
		{0D944C72-5222-413F-B82A-936A710D5841}.Release|x64.ActiveCfg = Release|x64
		{0D944C72-5222-413F-B82A-936A710D5841}.Release|x64.Build.0 = Release|x64
		{0D944C72-5222-413F-B82A-936A710D5841}.Release|x86.ActiveCfg = Release|Win32
		{0D944C72-5222-413F-B82A-936A710D5841}.Release|x86.Build.0 = Release|Win32
	EndGlobalSection
	GlobalSection(SolutionProperties) = preSolution
		HideSolutionNode = FALSE
	EndGlobalSection
	GlobalSection(ExtensibilityGlobals) = postSolution
		SolutionGuid = {B9A54497-7BD9-4717-B4AD-74930B8CC644}
	EndGlobalSection
EndGlobal
